
Microsoft Visual Studio Solution File, Format Version 12.00
# Visual Studio Version 17
VisualStudioVersion = 17.3.32922.545
MinimumVisualStudioVersion = 10.0.40219.1
Project("{FAE04EC0-301F-11D3-BF4B-00C04F79EFBC}") = "FifthModuleProject", "FifthModuleProject.csproj", "{6BD04825-4051-4E7F-95CF-4E0E007BBC73}"
EndProject
Global
	GlobalSection(SolutionConfigurationPlatforms) = preSolution
		Debug|Any CPU = Debug|Any CPU
		Release|Any CPU = Release|Any CPU
	EndGlobalSection
	GlobalSection(ProjectConfigurationPlatforms) = postSolution
		{6BD04825-4051-4E7F-95CF-4E0E007BBC73}.Debug|Any CPU.ActiveCfg = Debug|Any CPU
		{6BD04825-4051-4E7F-95CF-4E0E007BBC73}.Debug|Any CPU.Build.0 = Debug|Any CPU
		{6BD04825-4051-4E7F-95CF-4E0E007BBC73}.Release|Any CPU.ActiveCfg = Release|Any CPU
		{6BD04825-4051-4E7F-95CF-4E0E007BBC73}.Release|Any CPU.Build.0 = Release|Any CPU
	EndGlobalSection
	GlobalSection(SolutionProperties) = preSolution
		HideSolutionNode = FALSE
	EndGlobalSection
	GlobalSection(ExtensibilityGlobals) = postSolution
		SolutionGuid = {340D23FB-679C-40F5-B578-8B441541BF52}
	EndGlobalSection
EndGlobal
